github.com/payfazz/go-oneliner v0.0.0-20190714093643-d3218d89c354 h1:XO38lqKtwF8YNOpHElo/qd/hN+p0SR3uRYj6Ky5JxVQ=
github.com/payfazz/go-oneliner v0.0.0-20190714093643-d3218d89c354/go.mod h1:ZSb9i6cykubVVdDSE6uD07rL6TGUIqnzGFbN5MO+A5I=
github.com/payfazz/go-oneliner v0.0.0-20191017152947-803925709640 h1:miWAZgxJX4VIAYkM++zd0Gtq2vjg5Qjz11S99TXypL4=
github.com/payfazz/go-oneliner v0.0.0-20191017152947-803925709640/go.mod h1:ZSb9i6cykubVVdDSE6uD07rL6TGUIqnzGFbN5MO+A5I=
